
Microsoft Visual Studio Solution File, Format Version 12.00
# Visual Studio Version 16
VisualStudioVersion = 16.0.30804.86
MinimumVisualStudioVersion = 14.0.25123.0
Project("{8BC9CEB8-8B4A-11D0-8D11-00A0C91BC942}") = "openhatd", "src\openhatd.vcxproj", "{6E43BF59-A05B-4DE9-9249-822AE3F4D42C}"
	ProjectSection(ProjectDependencies) = postProject
		{5433A938-14E3-41EB-B700-5D2DF80ED6B8} = {5433A938-14E3-41EB-B700-5D2DF80ED6B8}
		{9C6FD69F-B7E2-4541-B381-653AF0AC7896} = {9C6FD69F-B7E2-4541-B381-653AF0AC7896}
		{F5A67CB6-ECF0-41EB-BABF-AA80039CA285} = {F5A67CB6-ECF0-41EB-BABF-AA80039CA285}
		{DADABACD-C0D5-4F75-8490-0A43D377F911} = {DADABACD-C0D5-4F75-8490-0A43D377F911}
		{94D062E3-58C2-4EAA-9E06-19A0CA2FA35B} = {94D062E3-58C2-4EAA-9E06-19A0CA2FA35B}
		{73E672E9-33F9-400B-8981-822B0C53FC56} = {73E672E9-33F9-400B-8981-822B0C53FC56}
	EndProjectSection
EndProject
Project("{8BC9CEB8-8B4A-11D0-8D11-00A0C91BC942}") = "windows_test", "plugins\windows_test\windows_test.vcxproj", "{9C6FD69F-B7E2-4541-B381-653AF0AC7896}"
EndProject
Project("{2150E333-8FDC-42A3-9474-1A3956D46DE8}") = "plugins", "plugins", "{8A7D0650-FA10-4924-A3D7-AB010C379C7B}"
EndProject
Project("{8BC9CEB8-8B4A-11D0-8D11-00A0C91BC942}") = "WindowPlugin", "plugins\automation\WindowPlugin\WindowPlugin.vcxproj", "{F5A67CB6-ECF0-41EB-BABF-AA80039CA285}"
EndProject
Project("{8BC9CEB8-8B4A-11D0-8D11-00A0C91BC942}") = "FritzBoxPlugin", "plugins\automation\FritzBoxPlugin\FritzBoxPlugin.vcxproj", "{5433A938-14E3-41EB-B700-5D2DF80ED6B8}"
EndProject
Project("{8BC9CEB8-8B4A-11D0-8D11-00A0C91BC942}") = "WeatherPlugin", "plugins\automation\WeatherPlugin\WeatherPlugin.vcxproj", "{73E672E9-33F9-400B-8981-822B0C53FC56}"
EndProject
Project("{8BC9CEB8-8B4A-11D0-8D11-00A0C91BC942}") = "WebServerPlugin", "plugins\WebServerPlugin\WebServerPlugin.vcxproj", "{DADABACD-C0D5-4F75-8490-0A43D377F911}"
EndProject
Project("{8BC9CEB8-8B4A-11D0-8D11-00A0C91BC942}") = "FroniusPlugin", "plugins\FroniusPlugin\FroniusPlugin.vcxproj", "{94D062E3-58C2-4EAA-9E06-19A0CA2FA35B}"
EndProject
Project("{8BC9CEB8-8B4A-11D0-8D11-00A0C91BC942}") = "MQTTPlugin", "plugins\automation\MQTTPlugin\MQTTPlugin.vcxproj", "{2918FCB5-6FF1-4AC1-B6B4-D931CB647E41}"
EndProject
Global
	GlobalSection(SolutionConfigurationPlatforms) = preSolution
		Debug|Win32 = Debug|Win32
		Debug|x64 = Debug|x64
		Release|Win32 = Release|Win32
		Release|x64 = Release|x64
	EndGlobalSection
	GlobalSection(ProjectConfigurationPlatforms) = postSolution
		{6E43BF59-A05B-4DE9-9249-822AE3F4D42C}.Debug|Win32.ActiveCfg = Debug|Win32
		{6E43BF59-A05B-4DE9-9249-822AE3F4D42C}.Debug|Win32.Build.0 = Debug|Win32
		{6E43BF59-A05B-4DE9-9249-822AE3F4D42C}.Debug|x64.ActiveCfg = Debug|Win32
		{6E43BF59-A05B-4DE9-9249-822AE3F4D42C}.Debug|x64.Build.0 = Debug|Win32
		{6E43BF59-A05B-4DE9-9249-822AE3F4D42C}.Release|Win32.ActiveCfg = Release|Win32
		{6E43BF59-A05B-4DE9-9249-822AE3F4D42C}.Release|Win32.Build.0 = Release|Win32
		{6E43BF59-A05B-4DE9-9249-822AE3F4D42C}.Release|x64.ActiveCfg = Release|Win32
		{6E43BF59-A05B-4DE9-9249-822AE3F4D42C}.Release|x64.Build.0 = Release|Win32
		{9C6FD69F-B7E2-4541-B381-653AF0AC7896}.Debug|Win32.ActiveCfg = Debug|Win32
		{9C6FD69F-B7E2-4541-B381-653AF0AC7896}.Debug|Win32.Build.0 = Debug|Win32
		{9C6FD69F-B7E2-4541-B381-653AF0AC7896}.Debug|x64.ActiveCfg = Debug|Win32
		{9C6FD69F-B7E2-4541-B381-653AF0AC7896}.Debug|x64.Build.0 = Debug|Win32
		{9C6FD69F-B7E2-4541-B381-653AF0AC7896}.Release|Win32.ActiveCfg = Release|Win32
		{9C6FD69F-B7E2-4541-B381-653AF0AC7896}.Release|Win32.Build.0 = Release|Win32
		{9C6FD69F-B7E2-4541-B381-653AF0AC7896}.Release|x64.ActiveCfg = Release|Win32
		{9C6FD69F-B7E2-4541-B381-653AF0AC7896}.Release|x64.Build.0 = Release|Win32
		{F5A67CB6-ECF0-41EB-BABF-AA80039CA285}.Debug|Win32.ActiveCfg = Debug|Win32
		{F5A67CB6-ECF0-41EB-BABF-AA80039CA285}.Debug|Win32.Build.0 = Debug|Win32
		{F5A67CB6-ECF0-41EB-BABF-AA80039CA285}.Debug|x64.ActiveCfg = Debug|Win32
		{F5A67CB6-ECF0-41EB-BABF-AA80039CA285}.Debug|x64.Build.0 = Debug|Win32
		{F5A67CB6-ECF0-41EB-BABF-AA80039CA285}.Release|Win32.ActiveCfg = Release|Win32
		{F5A67CB6-ECF0-41EB-BABF-AA80039CA285}.Release|Win32.Build.0 = Release|Win32
		{F5A67CB6-ECF0-41EB-BABF-AA80039CA285}.Release|x64.ActiveCfg = Release|Win32
		{F5A67CB6-ECF0-41EB-BABF-AA80039CA285}.Release|x64.Build.0 = Release|Win32
		{5433A938-14E3-41EB-B700-5D2DF80ED6B8}.Debug|Win32.ActiveCfg = Debug|Win32
		{5433A938-14E3-41EB-B700-5D2DF80ED6B8}.Debug|Win32.Build.0 = Debug|Win32
		{5433A938-14E3-41EB-B700-5D2DF80ED6B8}.Debug|x64.ActiveCfg = Debug|Win32
		{5433A938-14E3-41EB-B700-5D2DF80ED6B8}.Debug|x64.Build.0 = Debug|Win32
		{5433A938-14E3-41EB-B700-5D2DF80ED6B8}.Release|Win32.ActiveCfg = Release|Win32
		{5433A938-14E3-41EB-B700-5D2DF80ED6B8}.Release|Win32.Build.0 = Release|Win32
		{5433A938-14E3-41EB-B700-5D2DF80ED6B8}.Release|x64.ActiveCfg = Release|Win32
		{5433A938-14E3-41EB-B700-5D2DF80ED6B8}.Release|x64.Build.0 = Release|Win32
		{73E672E9-33F9-400B-8981-822B0C53FC56}.Debug|Win32.ActiveCfg = Debug|Win32
		{73E672E9-33F9-400B-8981-822B0C53FC56}.Debug|Win32.Build.0 = Debug|Win32
		{73E672E9-33F9-400B-8981-822B0C53FC56}.Debug|x64.ActiveCfg = Debug|Win32
		{73E672E9-33F9-400B-8981-822B0C53FC56}.Debug|x64.Build.0 = Debug|Win32
		{73E672E9-33F9-400B-8981-822B0C53FC56}.Release|Win32.ActiveCfg = Release|Win32
		{73E672E9-33F9-400B-8981-822B0C53FC56}.Release|Win32.Build.0 = Release|Win32
		{73E672E9-33F9-400B-8981-822B0C53FC56}.Release|x64.ActiveCfg = Release|Win32
		{73E672E9-33F9-400B-8981-822B0C53FC56}.Release|x64.Build.0 = Release|Win32
		{DADABACD-C0D5-4F75-8490-0A43D377F911}.Debug|Win32.ActiveCfg = Debug|Win32
		{DADABACD-C0D5-4F75-8490-0A43D377F911}.Debug|Win32.Build.0 = Debug|Win32
		{DADABACD-C0D5-4F75-8490-0A43D377F911}.Debug|x64.ActiveCfg = Debug|Win32
		{DADABACD-C0D5-4F75-8490-0A43D377F911}.Debug|x64.Build.0 = Debug|Win32
		{DADABACD-C0D5-4F75-8490-0A43D377F911}.Release|Win32.ActiveCfg = Release|Win32
		{DADABACD-C0D5-4F75-8490-0A43D377F911}.Release|Win32.Build.0 = Release|Win32
		{DADABACD-C0D5-4F75-8490-0A43D377F911}.Release|x64.ActiveCfg = Release|Win32
		{DADABACD-C0D5-4F75-8490-0A43D377F911}.Release|x64.Build.0 = Release|Win32
		{94D062E3-58C2-4EAA-9E06-19A0CA2FA35B}.Debug|Win32.ActiveCfg = Debug|Win32
		{94D062E3-58C2-4EAA-9E06-19A0CA2FA35B}.Debug|Win32.Build.0 = Debug|Win32
		{94D062E3-58C2-4EAA-9E06-19A0CA2FA35B}.Debug|x64.ActiveCfg = Debug|x64
		{94D062E3-58C2-4EAA-9E06-19A0CA2FA35B}.Debug|x64.Build.0 = Debug|x64
		{94D062E3-58C2-4EAA-9E06-19A0CA2FA35B}.Release|Win32.ActiveCfg = Release|Win32
		{94D062E3-58C2-4EAA-9E06-19A0CA2FA35B}.Release|Win32.Build.0 = Release|Win32
		{94D062E3-58C2-4EAA-9E06-19A0CA2FA35B}.Release|x64.ActiveCfg = Release|x64
		{94D062E3-58C2-4EAA-9E06-19A0CA2FA35B}.Release|x64.Build.0 = Release|x64
		{2918FCB5-6FF1-4AC1-B6B4-D931CB647E41}.Debug|Win32.ActiveCfg = Debug|Win32
		{2918FCB5-6FF1-4AC1-B6B4-D931CB647E41}.Debug|Win32.Build.0 = Debug|Win32
		{2918FCB5-6FF1-4AC1-B6B4-D931CB647E41}.Debug|x64.ActiveCfg = Debug|Win32
		{2918FCB5-6FF1-4AC1-B6B4-D931CB647E41}.Release|Win32.ActiveCfg = Release|Win32
		{2918FCB5-6FF1-4AC1-B6B4-D931CB647E41}.Release|Win32.Build.0 = Release|Win32
		{2918FCB5-6FF1-4AC1-B6B4-D931CB647E41}.Release|x64.ActiveCfg = Release|Win32
	EndGlobalSection
	GlobalSection(SolutionProperties) = preSolution
		HideSolutionNode = FALSE
	EndGlobalSection
	GlobalSection(NestedProjects) = preSolution
		{9C6FD69F-B7E2-4541-B381-653AF0AC7896} = {8A7D0650-FA10-4924-A3D7-AB010C379C7B}
		{F5A67CB6-ECF0-41EB-BABF-AA80039CA285} = {8A7D0650-FA10-4924-A3D7-AB010C379C7B}
		{5433A938-14E3-41EB-B700-5D2DF80ED6B8} = {8A7D0650-FA10-4924-A3D7-AB010C379C7B}
		{73E672E9-33F9-400B-8981-822B0C53FC56} = {8A7D0650-FA10-4924-A3D7-AB010C379C7B}
		{DADABACD-C0D5-4F75-8490-0A43D377F911} = {8A7D0650-FA10-4924-A3D7-AB010C379C7B}
		{94D062E3-58C2-4EAA-9E06-19A0CA2FA35B} = {8A7D0650-FA10-4924-A3D7-AB010C379C7B}
		{2918FCB5-6FF1-4AC1-B6B4-D931CB647E41} = {8A7D0650-FA10-4924-A3D7-AB010C379C7B}
	EndGlobalSection
	GlobalSection(ExtensibilityGlobals) = postSolution
		SolutionGuid = {69B58062-0C45-4704-B994-A6597E9DA723}
	EndGlobalSection
EndGlobal
